
Microsoft Visual Studio Solution File, Format Version 12.00
# Visual Studio 15
VisualStudioVersion = 15.0.27703.2018
MinimumVisualStudioVersion = 10.0.40219.1
Project("{FAE04EC0-301F-11D3-BF4B-00C04F79EFBC}") = "MvcMovie", "MvcMovie\MvcMovie.csproj", "{449D5E99-5172-47A1-A1A1-B82E8BA53A0D}"
EndProject
Global
	GlobalSection(SolutionConfigurationPlatforms) = preSolution
		Debug|Any CPU = Debug|Any CPU
		Release|Any CPU = Release|Any CPU
	EndGlobalSection
	GlobalSection(ProjectConfigurationPlatforms) = postSolution
		{449D5E99-5172-47A1-A1A1-B82E8BA53A0D}.Debug|Any CPU.ActiveCfg = Debug|Any CPU
		{449D5E99-5172-47A1-A1A1-B82E8BA53A0D}.Debug|Any CPU.Build.0 = Debug|Any CPU
		{449D5E99-5172-47A1-A1A1-B82E8BA53A0D}.Release|Any CPU.ActiveCfg = Release|Any CPU
		{449D5E99-5172-47A1-A1A1-B82E8BA53A0D}.Release|Any CPU.Build.0 = Release|Any CPU
	EndGlobalSection
	GlobalSection(SolutionProperties) = preSolution
		HideSolutionNode = FALSE
	EndGlobalSection
	GlobalSection(ExtensibilityGlobals) = postSolution
		SolutionGuid = {4732FF66-E67B-458E-98B9-7D28761E55CE}
	EndGlobalSection
EndGlobal
